
Microsoft Visual Studio Solution File, Format Version 12.00
# Visual Studio Version 17
VisualStudioVersion = 17.7.34031.279
MinimumVisualStudioVersion = 10.0.40219.1
Project("{2150E333-8FDC-42A3-9474-1A3956D46DE8}") = "1.0 UI", "1.0 UI", "{1921067A-C168-497D-A705-DD3E5FF086EA}"
EndProject
Project("{2150E333-8FDC-42A3-9474-1A3956D46DE8}") = "2.0 APPLICATION", "2.0 APPLICATION", "{18F2AB15-23C0-4C82-B357-2532CB028358}"
EndProject
Project("{2150E333-8FDC-42A3-9474-1A3956D46DE8}") = "3.0 DOMAIN", "3.0 DOMAIN", "{803DEE2F-D2E2-4D0B-880B-5B0A4BA9CEB0}"
EndProject
Project("{2150E333-8FDC-42A3-9474-1A3956D46DE8}") = "4.0 INFRAESTRUCTURE", "4.0 INFRAESTRUCTURE", "{94C05007-882C-4928-8389-F728EBE6D8B0}"
EndProject
Project("{2150E333-8FDC-42A3-9474-1A3956D46DE8}") = "6.0 CROSS COTTING", "6.0 CROSS COTTING", "{6D914893-4E4E-45FF-BF28-DC67742EBC7B}"
EndProject
Project("{FAE04EC0-301F-11D3-BF4B-00C04F79EFBC}") = "SOFT.CORE.APPLICATION", "SOFT.CORE.APPLICATION\SOFT.CORE.APPLICATION.csproj", "{CE806581-13E8-4426-9518-7178D5FFF396}"
EndProject
Project("{FAE04EC0-301F-11D3-BF4B-00C04F79EFBC}") = "SOFT.CORE.DOMAIN", "SOFT.CORE.DOMAIN\SOFT.CORE.DOMAIN.csproj", "{799E33CB-5A6A-4958-B013-EB39DCD07483}"
EndProject
Project("{FAE04EC0-301F-11D3-BF4B-00C04F79EFBC}") = "SOFT.CORE.INFRAESTRUCTURE", "SOFT.CORE.INFRAESTRUCTURE\SOFT.CORE.INFRAESTRUCTURE.csproj", "{FA847DF1-420E-4373-AA63-F05254783A5A}"
EndProject
Project("{FAE04EC0-301F-11D3-BF4B-00C04F79EFBC}") = "SOFT.CORE.CROSSCOTTING", "SOFT.CORE.CROSSCOTTING\SOFT.CORE.CROSSCOTTING.csproj", "{7102CB96-6783-413D-9E89-24D87AF700DA}"
EndProject
Project("{2150E333-8FDC-42A3-9474-1A3956D46DE8}") = "1.2 API", "1.2 API", "{46D5A0DA-1405-443F-9329-F414ED04F2D4}"
EndProject
Project("{2150E333-8FDC-42A3-9474-1A3956D46DE8}") = "1.1 WEB", "1.1 WEB", "{2DE95028-52CB-4FC0-9898-D5D3CACCFD89}"
EndProject
Project("{2150E333-8FDC-42A3-9474-1A3956D46DE8}") = "1.2.1 AUTH", "1.2.1 AUTH", "{ED3B2405-A059-41F0-8EB4-16F74103956B}"
EndProject
Project("{2150E333-8FDC-42A3-9474-1A3956D46DE8}") = "1.2.2 PROXY", "1.2.2 PROXY", "{E2BB8814-4DC0-4ED3-8D78-01701CAE3904}"
EndProject
Project("{2150E333-8FDC-42A3-9474-1A3956D46DE8}") = "1.2.3 SERVICE", "1.2.3 SERVICE", "{AC9748FD-59FF-4D24-9DC5-DFF393742279}"
EndProject
Project("{FAE04EC0-301F-11D3-BF4B-00C04F79EFBC}") = "SOFT.CORE.AUTENTICATION.API", "SOFT.CORE.AUTENTICATION\SOFT.CORE.AUTENTICATION.API.csproj", "{83B8E0EF-CFE4-447E-BB60-FDE7A54A9D02}"
EndProject
Project("{FAE04EC0-301F-11D3-BF4B-00C04F79EFBC}") = "SOFT.CORE.AUTHORIZE.API", "SOFT.CORE.AUTHORIZE\SOFT.CORE.AUTHORIZE.API.csproj", "{C5D0A8F8-FF7B-47C0-9215-7805924BEAFD}"
EndProject
Project("{FAE04EC0-301F-11D3-BF4B-00C04F79EFBC}") = "SOFT.CORE.PROXY.API", "SOFT.CORE.PROXY\SOFT.CORE.PROXY.API.csproj", "{57AF6A27-3DB2-44E9-B531-AA9832C7BA20}"
EndProject
Project("{FAE04EC0-301F-11D3-BF4B-00C04F79EFBC}") = "SOFT.CORE.EDUCATE.API", "SOFT.CORE.EDUCATE.API\SOFT.CORE.EDUCATE.API.csproj", "{6575EF22-8A05-463F-A8CE-35A5E2DF425E}"
EndProject
Global
	GlobalSection(SolutionConfigurationPlatforms) = preSolution
		Debug|Any CPU = Debug|Any CPU
		Release|Any CPU = Release|Any CPU
	EndGlobalSection
	GlobalSection(ProjectConfigurationPlatforms) = postSolution
		{CE806581-13E8-4426-9518-7178D5FFF396}.Debug|Any CPU.ActiveCfg = Debug|Any CPU
		{CE806581-13E8-4426-9518-7178D5FFF396}.Debug|Any CPU.Build.0 = Debug|Any CPU
		{CE806581-13E8-4426-9518-7178D5FFF396}.Release|Any CPU.ActiveCfg = Release|Any CPU
		{CE806581-13E8-4426-9518-7178D5FFF396}.Release|Any CPU.Build.0 = Release|Any CPU
		{799E33CB-5A6A-4958-B013-EB39DCD07483}.Debug|Any CPU.ActiveCfg = Debug|Any CPU
		{799E33CB-5A6A-4958-B013-EB39DCD07483}.Debug|Any CPU.Build.0 = Debug|Any CPU
		{799E33CB-5A6A-4958-B013-EB39DCD07483}.Release|Any CPU.ActiveCfg = Release|Any CPU
		{799E33CB-5A6A-4958-B013-EB39DCD07483}.Release|Any CPU.Build.0 = Release|Any CPU
		{FA847DF1-420E-4373-AA63-F05254783A5A}.Debug|Any CPU.ActiveCfg = Debug|Any CPU
		{FA847DF1-420E-4373-AA63-F05254783A5A}.Debug|Any CPU.Build.0 = Debug|Any CPU
		{FA847DF1-420E-4373-AA63-F05254783A5A}.Release|Any CPU.ActiveCfg = Release|Any CPU
		{FA847DF1-420E-4373-AA63-F05254783A5A}.Release|Any CPU.Build.0 = Release|Any CPU
		{7102CB96-6783-413D-9E89-24D87AF700DA}.Debug|Any CPU.ActiveCfg = Debug|Any CPU
		{7102CB96-6783-413D-9E89-24D87AF700DA}.Debug|Any CPU.Build.0 = Debug|Any CPU
		{7102CB96-6783-413D-9E89-24D87AF700DA}.Release|Any CPU.ActiveCfg = Release|Any CPU
		{7102CB96-6783-413D-9E89-24D87AF700DA}.Release|Any CPU.Build.0 = Release|Any CPU
		{83B8E0EF-CFE4-447E-BB60-FDE7A54A9D02}.Debug|Any CPU.ActiveCfg = Debug|Any CPU
		{83B8E0EF-CFE4-447E-BB60-FDE7A54A9D02}.Debug|Any CPU.Build.0 = Debug|Any CPU
		{83B8E0EF-CFE4-447E-BB60-FDE7A54A9D02}.Release|Any CPU.ActiveCfg = Release|Any CPU
		{83B8E0EF-CFE4-447E-BB60-FDE7A54A9D02}.Release|Any CPU.Build.0 = Release|Any CPU
		{C5D0A8F8-FF7B-47C0-9215-7805924BEAFD}.Debug|Any CPU.ActiveCfg = Debug|Any CPU
		{C5D0A8F8-FF7B-47C0-9215-7805924BEAFD}.Debug|Any CPU.Build.0 = Debug|Any CPU
		{C5D0A8F8-FF7B-47C0-9215-7805924BEAFD}.Release|Any CPU.ActiveCfg = Release|Any CPU
		{C5D0A8F8-FF7B-47C0-9215-7805924BEAFD}.Release|Any CPU.Build.0 = Release|Any CPU
		{57AF6A27-3DB2-44E9-B531-AA9832C7BA20}.Debug|Any CPU.ActiveCfg = Debug|Any CPU
		{57AF6A27-3DB2-44E9-B531-AA9832C7BA20}.Debug|Any CPU.Build.0 = Debug|Any CPU
		{57AF6A27-3DB2-44E9-B531-AA9832C7BA20}.Release|Any CPU.ActiveCfg = Release|Any CPU
		{57AF6A27-3DB2-44E9-B531-AA9832C7BA20}.Release|Any CPU.Build.0 = Release|Any CPU
		{6575EF22-8A05-463F-A8CE-35A5E2DF425E}.Debug|Any CPU.ActiveCfg = Debug|Any CPU
		{6575EF22-8A05-463F-A8CE-35A5E2DF425E}.Debug|Any CPU.Build.0 = Debug|Any CPU
		{6575EF22-8A05-463F-A8CE-35A5E2DF425E}.Release|Any CPU.ActiveCfg = Release|Any CPU
		{6575EF22-8A05-463F-A8CE-35A5E2DF425E}.Release|Any CPU.Build.0 = Release|Any CPU
	EndGlobalSection
	GlobalSection(SolutionProperties) = preSolution
		HideSolutionNode = FALSE
	EndGlobalSection
	GlobalSection(NestedProjects) = preSolution
		{CE806581-13E8-4426-9518-7178D5FFF396} = {18F2AB15-23C0-4C82-B357-2532CB028358}
		{799E33CB-5A6A-4958-B013-EB39DCD07483} = {803DEE2F-D2E2-4D0B-880B-5B0A4BA9CEB0}
		{FA847DF1-420E-4373-AA63-F05254783A5A} = {94C05007-882C-4928-8389-F728EBE6D8B0}
		{7102CB96-6783-413D-9E89-24D87AF700DA} = {6D914893-4E4E-45FF-BF28-DC67742EBC7B}
		{46D5A0DA-1405-443F-9329-F414ED04F2D4} = {1921067A-C168-497D-A705-DD3E5FF086EA}
		{2DE95028-52CB-4FC0-9898-D5D3CACCFD89} = {1921067A-C168-497D-A705-DD3E5FF086EA}
		{ED3B2405-A059-41F0-8EB4-16F74103956B} = {46D5A0DA-1405-443F-9329-F414ED04F2D4}
		{E2BB8814-4DC0-4ED3-8D78-01701CAE3904} = {46D5A0DA-1405-443F-9329-F414ED04F2D4}
		{AC9748FD-59FF-4D24-9DC5-DFF393742279} = {46D5A0DA-1405-443F-9329-F414ED04F2D4}
		{83B8E0EF-CFE4-447E-BB60-FDE7A54A9D02} = {ED3B2405-A059-41F0-8EB4-16F74103956B}
		{C5D0A8F8-FF7B-47C0-9215-7805924BEAFD} = {ED3B2405-A059-41F0-8EB4-16F74103956B}
		{57AF6A27-3DB2-44E9-B531-AA9832C7BA20} = {E2BB8814-4DC0-4ED3-8D78-01701CAE3904}
		{6575EF22-8A05-463F-A8CE-35A5E2DF425E} = {AC9748FD-59FF-4D24-9DC5-DFF393742279}
	EndGlobalSection
	GlobalSection(ExtensibilityGlobals) = postSolution
		SolutionGuid = {DC8ED611-5EFA-46E4-A0AF-4DF83B169DE4}
	EndGlobalSection
EndGlobal
